
Microsoft Visual Studio Solution File, Format Version 12.00
# Visual Studio Version 17
VisualStudioVersion = 17.8.34330.188
MinimumVisualStudioVersion = 10.0.40219.1
Project("{FAE04EC0-301F-11D3-BF4B-00C04F79EFBC}") = "PracticeDec18_2PM", "PracticeDec18_2PM\PracticeDec18_2PM.csproj", "{7E72390B-AA65-449D-8C01-81D19D51D14B}"
EndProject
Global
	GlobalSection(SolutionConfigurationPlatforms) = preSolution
		Debug|Any CPU = Debug|Any CPU
		Release|Any CPU = Release|Any CPU
	EndGlobalSection
	GlobalSection(ProjectConfigurationPlatforms) = postSolution
		{7E72390B-AA65-449D-8C01-81D19D51D14B}.Debug|Any CPU.ActiveCfg = Debug|Any CPU
		{7E72390B-AA65-449D-8C01-81D19D51D14B}.Debug|Any CPU.Build.0 = Debug|Any CPU
		{7E72390B-AA65-449D-8C01-81D19D51D14B}.Release|Any CPU.ActiveCfg = Release|Any CPU
		{7E72390B-AA65-449D-8C01-81D19D51D14B}.Release|Any CPU.Build.0 = Release|Any CPU
	EndGlobalSection
	GlobalSection(SolutionProperties) = preSolution
		HideSolutionNode = FALSE
	EndGlobalSection
	GlobalSection(ExtensibilityGlobals) = postSolution
		SolutionGuid = {F1E5D829-2DCC-41F7-9374-2F3E5AA99F62}
	EndGlobalSection
EndGlobal
